
Microsoft Visual Studio Solution File, Format Version 12.00
# Visual Studio Version 17
VisualStudioVersion = 17.2.32630.192
MinimumVisualStudioVersion = 10.0.40219.1
Project("{FAE04EC0-301F-11D3-BF4B-00C04F79EFBC}") = "DotBimCommands", "DotBimCommands.csproj", "{0F6A71E6-CAA9-4F77-BF9D-F5DEE03410CB}"
EndProject
Global
	GlobalSection(SolutionConfigurationPlatforms) = preSolution
		Debug|Any CPU = Debug|Any CPU
		Release|Any CPU = Release|Any CPU
	EndGlobalSection
	GlobalSection(ProjectConfigurationPlatforms) = postSolution
		{0F6A71E6-CAA9-4F77-BF9D-F5DEE03410CB}.Debug|Any CPU.ActiveCfg = Debug|Any CPU
		{0F6A71E6-CAA9-4F77-BF9D-F5DEE03410CB}.Debug|Any CPU.Build.0 = Debug|Any CPU
		{0F6A71E6-CAA9-4F77-BF9D-F5DEE03410CB}.Release|Any CPU.ActiveCfg = Release|Any CPU
		{0F6A71E6-CAA9-4F77-BF9D-F5DEE03410CB}.Release|Any CPU.Build.0 = Release|Any CPU
	EndGlobalSection
	GlobalSection(SolutionProperties) = preSolution
		HideSolutionNode = FALSE
	EndGlobalSection
	GlobalSection(ExtensibilityGlobals) = postSolution
		SolutionGuid = {1F8A32FE-2A59-4286-8AFD-2EF48AA45DFA}
	EndGlobalSection
EndGlobal
